// !$*UTF8*$!
{
	archiveVersion = 1;
	classes = {
	};
	objectVersion = 51;
	objects = {

/* Begin PBXBuildFile section */
		56055F20246F350100C5F56F /* AgenciaViewModel.swift in Sources */ = {isa = PBXBuildFile; fileRef = 56055F1F246F350100C5F56F /* AgenciaViewModel.swift */; };
		56055F23246F351400C5F56F /* Agencia.swift in Sources */ = {isa = PBXBuildFile; fileRef = 56055F22246F351400C5F56F /* Agencia.swift */; };
		56055F26246F362F00C5F56F /* KeysHelper.swift in Sources */ = {isa = PBXBuildFile; fileRef = 56055F25246F362F00C5F56F /* KeysHelper.swift */; };
		56055F29246F37B000C5F56F /* AgenciaView.swift in Sources */ = {isa = PBXBuildFile; fileRef = 56055F28246F37B000C5F56F /* AgenciaView.swift */; };
		56055F2D246F42D700C5F56F /* GooglePlacesRepository.swift in Sources */ = {isa = PBXBuildFile; fileRef = 56055F2C246F42D700C5F56F /* GooglePlacesRepository.swift */; };
		56055F2F246F462500C5F56F /* StringsHelper.swift in Sources */ = {isa = PBXBuildFile; fileRef = 56055F2E246F462500C5F56F /* StringsHelper.swift */; };
		56465AED246F304800B0E85C /* AppDelegate.swift in Sources */ = {isa = PBXBuildFile; fileRef = 56465AEC246F304800B0E85C /* AppDelegate.swift */; };
		56465AEF246F304800B0E85C /* SceneDelegate.swift in Sources */ = {isa = PBXBuildFile; fileRef = 56465AEE246F304800B0E85C /* SceneDelegate.swift */; };
		56465AF1246F304800B0E85C /* ViewController.swift in Sources */ = {isa = PBXBuildFile; fileRef = 56465AF0246F304800B0E85C /* ViewController.swift */; };
		56465AF4246F304800B0E85C /* Main.storyboard in Resources */ = {isa = PBXBuildFile; fileRef = 56465AF2246F304800B0E85C /* Main.storyboard */; };
		56465AF6246F304A00B0E85C /* Assets.xcassets in Resources */ = {isa = PBXBuildFile; fileRef = 56465AF5246F304A00B0E85C /* Assets.xcassets */; };
		56465AF9246F304A00B0E85C /* LaunchScreen.storyboard in Resources */ = {isa = PBXBuildFile; fileRef = 56465AF7246F304A00B0E85C /* LaunchScreen.storyboard */; };
		855356DA20A108D6D2CB5662 /* Pods_Desafio_Itau.framework in Frameworks */ = {isa = PBXBuildFile; fileRef = F0545658AD6B032E318DB5DF /* Pods_Desafio_Itau.framework */; };
/* End PBXBuildFile section */

/* Begin PBXFileReference section */
		11FDE2F0F210C57153CB9644 /* Pods-Desafio Itau.release.xcconfig */ = {isa = PBXFileReference; includeInIndex = 1; lastKnownFileType = text.xcconfig; name = "Pods-Desafio Itau.release.xcconfig"; path = "Target Support Files/Pods-Desafio Itau/Pods-Desafio Itau.release.xcconfig"; sourceTree = "<group>"; };
		37CBCE4C6FD6CC6A20071E43 /* Pods-Desafio Itau.debug.xcconfig */ = {isa = PBXFileReference; includeInIndex = 1; lastKnownFileType = text.xcconfig; name = "Pods-Desafio Itau.debug.xcconfig"; path = "Target Support Files/Pods-Desafio Itau/Pods-Desafio Itau.debug.xcconfig"; sourceTree = "<group>"; };
		56055F1F246F350100C5F56F /* AgenciaViewModel.swift */ = {isa = PBXFileReference; lastKnownFileType = sourcecode.swift; path = AgenciaViewModel.swift; sourceTree = "<group>"; };
		56055F22246F351400C5F56F /* Agencia.swift */ = {isa = PBXFileReference; lastKnownFileType = sourcecode.swift; path = Agencia.swift; sourceTree = "<group>"; };
		56055F25246F362F00C5F56F /* KeysHelper.swift */ = {isa = PBXFileReference; lastKnownFileType = sourcecode.swift; path = KeysHelper.swift; sourceTree = "<group>"; };
		56055F28246F37B000C5F56F /* AgenciaView.swift */ = {isa = PBXFileReference; lastKnownFileType = sourcecode.swift; path = AgenciaView.swift; sourceTree = "<group>"; };
		56055F2C246F42D700C5F56F /* GooglePlacesRepository.swift */ = {isa = PBXFileReference; lastKnownFileType = sourcecode.swift; path = GooglePlacesRepository.swift; sourceTree = "<group>"; };
		56055F2E246F462500C5F56F /* StringsHelper.swift */ = {isa = PBXFileReference; lastKnownFileType = sourcecode.swift; path = StringsHelper.swift; sourceTree = "<group>"; };
		56465AE9246F304800B0E85C /* Desafio Itau.app */ = {isa = PBXFileReference; explicitFileType = wrapper.application; includeInIndex = 0; path = "Desafio Itau.app"; sourceTree = BUILT_PRODUCTS_DIR; };
		56465AEC246F304800B0E85C /* AppDelegate.swift */ = {isa = PBXFileReference; lastKnownFileType = sourcecode.swift; path = AppDelegate.swift; sourceTree = "<group>"; };
		56465AEE246F304800B0E85C /* SceneDelegate.swift */ = {isa = PBXFileReference; lastKnownFileType = sourcecode.swift; path = SceneDelegate.swift; sourceTree = "<group>"; };
		56465AF0246F304800B0E85C /* ViewController.swift */ = {isa = PBXFileReference; lastKnownFileType = sourcecode.swift; path = ViewController.swift; sourceTree = "<group>"; };
		56465AF3246F304800B0E85C /* Base */ = {isa = PBXFileReference; lastKnownFileType = file.storyboard; name = Base; path = Base.lproj/Main.storyboard; sourceTree = "<group>"; };
		56465AF5246F304A00B0E85C /* Assets.xcassets */ = {isa = PBXFileReference; lastKnownFileType = folder.assetcatalog; path = Assets.xcassets; sourceTree = "<group>"; };
		56465AF8246F304A00B0E85C /* Base */ = {isa = PBXFileReference; lastKnownFileType = file.storyboard; name = Base; path = Base.lproj/LaunchScreen.storyboard; sourceTree = "<group>"; };
		56465AFA246F304A00B0E85C /* Info.plist */ = {isa = PBXFileReference; lastKnownFileType = text.plist.xml; path = Info.plist; sourceTree = "<group>"; };
		F0545658AD6B032E318DB5DF /* Pods_Desafio_Itau.framework */ = {isa = PBXFileReference; explicitFileType = wrapper.framework; includeInIndex = 0; path = Pods_Desafio_Itau.framework; sourceTree = BUILT_PRODUCTS_DIR; };
/* End PBXFileReference section */

/* Begin PBXFrameworksBuildPhase section */
		56465AE6246F304800B0E85C /* Frameworks */ = {
			isa = PBXFrameworksBuildPhase;
			buildActionMask = 2147483647;
			files = (
				855356DA20A108D6D2CB5662 /* Pods_Desafio_Itau.framework in Frameworks */,
			);
			runOnlyForDeploymentPostprocessing = 0;
		};
/* End PBXFrameworksBuildPhase section */

/* Begin PBXGroup section */
		3D9780743C3734593E951316 /* Pods */ = {
			isa = PBXGroup;
			children = (
				37CBCE4C6FD6CC6A20071E43 /* Pods-Desafio Itau.debug.xcconfig */,
				11FDE2F0F210C57153CB9644 /* Pods-Desafio Itau.release.xcconfig */,
			);
			path = Pods;
			sourceTree = "<group>";
		};
		56055F1E246F34E100C5F56F /* ViewModel */ = {
			isa = PBXGroup;
			children = (
				56055F1F246F350100C5F56F /* AgenciaViewModel.swift */,
			);
			path = ViewModel;
			sourceTree = "<group>";
		};
		56055F21246F350A00C5F56F /* Model */ = {
			isa = PBXGroup;
			children = (
				56055F22246F351400C5F56F /* Agencia.swift */,
			);
			path = Model;
			sourceTree = "<group>";
		};
		56055F24246F362200C5F56F /* Helper */ = {
			isa = PBXGroup;
			children = (
				56055F25246F362F00C5F56F /* KeysHelper.swift */,
				56055F2E246F462500C5F56F /* StringsHelper.swift */,
			);
			path = Helper;
			sourceTree = "<group>";
		};
		56055F27246F37A500C5F56F /* View */ = {
			isa = PBXGroup;
			children = (
				56465AF2246F304800B0E85C /* Main.storyboard */,
			);
			path = View;
			sourceTree = "<group>";
		};
		56055F2A246F394F00C5F56F /* Controller */ = {
			isa = PBXGroup;
			children = (
				56055F28246F37B000C5F56F /* AgenciaView.swift */,
			);
			path = Controller;
			sourceTree = "<group>";
		};
		56055F2B246F42BD00C5F56F /* Repository */ = {
			isa = PBXGroup;
			children = (
				56055F2C246F42D700C5F56F /* GooglePlacesRepository.swift */,
			);
			path = Repository;
			sourceTree = "<group>";
		};
		56465AE0246F304800B0E85C = {
			isa = PBXGroup;
			children = (
				56465AEB246F304800B0E85C /* Desafio Itau */,
				56465AEA246F304800B0E85C /* Products */,
				3D9780743C3734593E951316 /* Pods */,
				C09ACE3650D7C9EBD2B0CD94 /* Frameworks */,
			);
			sourceTree = "<group>";
		};
		56465AEA246F304800B0E85C /* Products */ = {
			isa = PBXGroup;
			children = (
				56465AE9246F304800B0E85C /* Desafio Itau.app */,
			);
			name = Products;
			sourceTree = "<group>";
		};
		56465AEB246F304800B0E85C /* Desafio Itau */ = {
			isa = PBXGroup;
			children = (
				56055F2B246F42BD00C5F56F /* Repository */,
				56055F2A246F394F00C5F56F /* Controller */,
				56055F1E246F34E100C5F56F /* ViewModel */,
				56055F27246F37A500C5F56F /* View */,
				56055F21246F350A00C5F56F /* Model */,
				56055F24246F362200C5F56F /* Helper */,
				56465AEC246F304800B0E85C /* AppDelegate.swift */,
				56465AEE246F304800B0E85C /* SceneDelegate.swift */,
				56465AF0246F304800B0E85C /* ViewController.swift */,
				56465AF5246F304A00B0E85C /* Assets.xcassets */,
				56465AF7246F304A00B0E85C /* LaunchScreen.storyboard */,
				56465AFA246F304A00B0E85C /* Info.plist */,
			);
			path = "Desafio Itau";
			sourceTree = "<group>";
		};
		C09ACE3650D7C9EBD2B0CD94 /* Frameworks */ = {
			isa = PBXGroup;
			children = (
				F0545658AD6B032E318DB5DF /* Pods_Desafio_Itau.framework */,
			);
			name = Frameworks;
			sourceTree = "<group>";
		};
/* End PBXGroup section */

/* Begin PBXNativeTarget section */
		56465AE8246F304800B0E85C /* Desafio Itau */ = {
			isa = PBXNativeTarget;
			buildConfigurationList = 56465AFD246F304A00B0E85C /* Build configuration list for PBXNativeTarget "Desafio Itau" */;
			buildPhases = (
				B737BE618DE5CE9A7E53C02B /* [CP] Check Pods Manifest.lock */,
				56465AE5246F304800B0E85C /* Sources */,
				56465AE6246F304800B0E85C /* Frameworks */,
				56465AE7246F304800B0E85C /* Resources */,
				514C1276133EAB2581EE6CA0 /* [CP] Copy Pods Resources */,
			);
			buildRules = (
			);
			dependencies = (
			);
			name = "Desafio Itau";
			productName = "Desafio Itau";
			productReference = 56465AE9246F304800B0E85C /* Desafio Itau.app */;
			productType = "com.apple.product-type.application";
		};
/* End PBXNativeTarget section */

/* Begin PBXProject section */
		56465AE1246F304800B0E85C /* Project object */ = {
			isa = PBXProject;
			attributes = {
				LastSwiftUpdateCheck = 1130;
				LastUpgradeCheck = 1130;
				ORGANIZATIONNAME = "Luiz Carlos Cunha ";
				TargetAttributes = {
					56465AE8246F304800B0E85C = {
						CreatedOnToolsVersion = 11.3.1;
					};
				};
			};
			buildConfigurationList = 56465AE4246F304800B0E85C /* Build configuration list for PBXProject "Desafio Itau" */;
			compatibilityVersion = "Xcode 9.3";
			developmentRegion = en;
			hasScannedForEncodings = 0;
			knownRegions = (
				en,
				Base,
			);
			mainGroup = 56465AE0246F304800B0E85C;
			productRefGroup = 56465AEA246F304800B0E85C /* Products */;
			projectDirPath = "";
			projectRoot = "";
			targets = (
				56465AE8246F304800B0E85C /* Desafio Itau */,
			);
		};
/* End PBXProject section */

/* Begin PBXResourcesBuildPhase section */
		56465AE7246F304800B0E85C /* Resources */ = {
			isa = PBXResourcesBuildPhase;
			buildActionMask = 2147483647;
			files = (
				56465AF9246F304A00B0E85C /* LaunchScreen.storyboard in Resources */,
				56465AF6246F304A00B0E85C /* Assets.xcassets in Resources */,
				56465AF4246F304800B0E85C /* Main.storyboard in Resources */,
			);
			runOnlyForDeploymentPostprocessing = 0;
		};
/* End PBXResourcesBuildPhase section */

/* Begin PBXShellScriptBuildPhase section */
		514C1276133EAB2581EE6CA0 /* [CP] Copy Pods Resources */ = {
			isa = PBXShellScriptBuildPhase;
			buildActionMask = 2147483647;
			files = (
			);
			inputFileListPaths = (
				"${PODS_ROOT}/Target Support Files/Pods-Desafio Itau/Pods-Desafio Itau-resources-${CONFIGURATION}-input-files.xcfilelist",
			);
			name = "[CP] Copy Pods Resources";
			outputFileListPaths = (
				"${PODS_ROOT}/Target Support Files/Pods-Desafio Itau/Pods-Desafio Itau-resources-${CONFIGURATION}-output-files.xcfilelist",
			);
			runOnlyForDeploymentPostprocessing = 0;
			shellPath = /bin/sh;
			shellScript = "\"${PODS_ROOT}/Target Support Files/Pods-Desafio Itau/Pods-Desafio Itau-resources.sh\"\n";
			showEnvVarsInLog = 0;
		};
		B737BE618DE5CE9A7E53C02B /* [CP] Check Pods Manifest.lock */ = {
			isa = PBXShellScriptBuildPhase;
			buildActionMask = 2147483647;
			files = (
			);
			inputFileListPaths = (
			);
			inputPaths = (
				"${PODS_PODFILE_DIR_PATH}/Podfile.lock",
				"${PODS_ROOT}/Manifest.lock",
			);
			name = "[CP] Check Pods Manifest.lock";
			outputFileListPaths = (
			);
			outputPaths = (
				"$(DERIVED_FILE_DIR)/Pods-Desafio Itau-checkManifestLockResult.txt",
			);
			runOnlyForDeploymentPostprocessing = 0;
			shellPath = /bin/sh;
			shellScript = "diff \"${PODS_PODFILE_DIR_PATH}/Podfile.lock\" \"${PODS_ROOT}/Manifest.lock\" > /dev/null\nif [ $? != 0 ] ; then\n    # print error to STDERR\n    echo \"error: The sandbox is not in sync with the Podfile.lock. Run 'pod install' or update your CocoaPods installation.\" >&2\n    exit 1\nfi\n# This output is used by Xcode 'outputs' to avoid re-running this script phase.\necho \"SUCCESS\" > \"${SCRIPT_OUTPUT_FILE_0}\"\n";
			showEnvVarsInLog = 0;
		};
/* End PBXShellScriptBuildPhase section */

/* Begin PBXSourcesBuildPhase section */
		56465AE5246F304800B0E85C /* Sources */ = {
			isa = PBXSourcesBuildPhase;
			buildActionMask = 2147483647;
			files = (
				56465AF1246F304800B0E85C /* ViewController.swift in Sources */,
				56055F23246F351400C5F56F /* Agencia.swift in Sources */,
				56055F20246F350100C5F56F /* AgenciaViewModel.swift in Sources */,
				56055F29246F37B000C5F56F /* AgenciaView.swift in Sources */,
				56055F2D246F42D700C5F56F /* GooglePlacesRepository.swift in Sources */,
				56055F2F246F462500C5F56F /* StringsHelper.swift in Sources */,
				56465AED246F304800B0E85C /* AppDelegate.swift in Sources */,
				56465AEF246F304800B0E85C /* SceneDelegate.swift in Sources */,
				56055F26246F362F00C5F56F /* KeysHelper.swift in Sources */,
			);
			runOnlyForDeploymentPostprocessing = 0;
		};
/* End PBXSourcesBuildPhase section */

/* Begin PBXVariantGroup section */
		56465AF2246F304800B0E85C /* Main.storyboard */ = {
			isa = PBXVariantGroup;
			children = (
				56465AF3246F304800B0E85C /* Base */,
			);
			name = Main.storyboard;
			sourceTree = "<group>";
		};
		56465AF7246F304A00B0E85C /* LaunchScreen.storyboard */ = {
			isa = PBXVariantGroup;
			children = (
				56465AF8246F304A00B0E85C /* Base */,
			);
			name = LaunchScreen.storyboard;
			sourceTree = "<group>";
		};
/* End PBXVariantGroup section */

/* Begin XCBuildConfiguration section */
		56465AFB246F304A00B0E85C /* Debug */ = {
			isa = XCBuildConfiguration;
			buildSettings = {
				ALWAYS_SEARCH_USER_PATHS = NO;
				CLANG_ANALYZER_NONNULL = YES;
				CLANG_ANALYZER_NUMBER_OBJECT_CONVERSION = YES_AGGRESSIVE;
				CLANG_CXX_LANGUAGE_STANDARD = "gnu++14";
				CLANG_CXX_LIBRARY = "libc++";
				CLANG_ENABLE_MODULES = YES;
				CLANG_ENABLE_OBJC_ARC = YES;
				CLANG_ENABLE_OBJC_WEAK = YES;
				CLANG_WARN_BLOCK_CAPTURE_AUTORELEASING = YES;
				CLANG_WARN_BOOL_CONVERSION = YES;
				CLANG_WARN_COMMA = YES;
				CLANG_WARN_CONSTANT_CONVERSION = YES;
				CLANG_WARN_DEPRECATED_OBJC_IMPLEMENTATIONS = YES;
				CLANG_WARN_DIRECT_OBJC_ISA_USAGE = YES_ERROR;
				CLANG_WARN_DOCUMENTATION_COMMENTS = YES;
				CLANG_WARN_EMPTY_BODY = YES;
				CLANG_WARN_ENUM_CONVERSION = YES;
				CLANG_WARN_INFINITE_RECURSION = YES;
				CLANG_WARN_INT_CONVERSION = YES;
				CLANG_WARN_NON_LITERAL_NULL_CONVERSION = YES;
				CLANG_WARN_OBJC_IMPLICIT_RETAIN_SELF = YES;
				CLANG_WARN_OBJC_LITERAL_CONVERSION = YES;
				CLANG_WARN_OBJC_ROOT_CLASS = YES_ERROR;
				CLANG_WARN_RANGE_LOOP_ANALYSIS = YES;
				CLANG_WARN_STRICT_PROTOTYPES = YES;
				CLANG_WARN_SUSPICIOUS_MOVE = YES;
				CLANG_WARN_UNGUARDED_AVAILABILITY = YES_AGGRESSIVE;
				CLANG_WARN_UNREACHABLE_CODE = YES;
				CLANG_WARN__DUPLICATE_METHOD_MATCH = YES;
				COPY_PHASE_STRIP = NO;
				DEBUG_INFORMATION_FORMAT = dwarf;
				ENABLE_STRICT_OBJC_MSGSEND = YES;
				ENABLE_TESTABILITY = YES;
				GCC_C_LANGUAGE_STANDARD = gnu11;
				GCC_DYNAMIC_NO_PIC = NO;
				GCC_NO_COMMON_BLOCKS = YES;
				GCC_OPTIMIZATION_LEVEL = 0;
				GCC_PREPROCESSOR_DEFINITIONS = (
					"DEBUG=1",
					"$(inherited)",
				);
				GCC_WARN_64_TO_32_BIT_CONVERSION = YES;
				GCC_WARN_ABOUT_RETURN_TYPE = YES_ERROR;
				GCC_WARN_UNDECLARED_SELECTOR = YES;
				GCC_WARN_UNINITIALIZED_AUTOS = YES_AGGRESSIVE;
				GCC_WARN_UNUSED_FUNCTION = YES;
				GCC_WARN_UNUSED_VARIABLE = YES;
				IPHONEOS_DEPLOYMENT_TARGET = 13.2;
				MTL_ENABLE_DEBUG_INFO = INCLUDE_SOURCE;
				MTL_FAST_MATH = YES;
				ONLY_ACTIVE_ARCH = YES;
				SDKROOT = iphoneos;
				SWIFT_ACTIVE_COMPILATION_CONDITIONS = DEBUG;
				SWIFT_OPTIMIZATION_LEVEL = "-Onone";
			};
			name = Debug;
		};
		56465AFC246F304A00B0E85C /* Release */ = {
			isa = XCBuildConfiguration;
			buildSettings = {
				ALWAYS_SEARCH_USER_PATHS = NO;
				CLANG_ANALYZER_NONNULL = YES;
				CLANG_ANALYZER_NUMBER_OBJECT_CONVERSION = YES_AGGRESSIVE;
				CLANG_CXX_LANGUAGE_STANDARD = "gnu++14";
				CLANG_CXX_LIBRARY = "libc++";
				CLANG_ENABLE_MODULES = YES;
				CLANG_ENABLE_OBJC_ARC = YES;
				CLANG_ENABLE_OBJC_WEAK = YES;
				CLANG_WARN_BLOCK_CAPTURE_AUTORELEASING = YES;
				CLANG_WARN_BOOL_CONVERSION = YES;
				CLANG_WARN_COMMA = YES;
				CLANG_WARN_CONSTANT_CONVERSION = YES;
				CLANG_WARN_DEPRECATED_OBJC_IMPLEMENTATIONS = YES;
				CLANG_WARN_DIRECT_OBJC_ISA_USAGE = YES_ERROR;
				CLANG_WARN_DOCUMENTATION_COMMENTS = YES;
				CLANG_WARN_EMPTY_BODY = YES;
				CLANG_WARN_ENUM_CONVERSION = YES;
				CLANG_WARN_INFINITE_RECURSION = YES;
				CLANG_WARN_INT_CONVERSION = YES;
				CLANG_WARN_NON_LITERAL_NULL_CONVERSION = YES;
				CLANG_WARN_OBJC_IMPLICIT_RETAIN_SELF = YES;
				CLANG_WARN_OBJC_LITERAL_CONVERSION = YES;
				CLANG_WARN_OBJC_ROOT_CLASS = YES_ERROR;
				CLANG_WARN_RANGE_LOOP_ANALYSIS = YES;
				CLANG_WARN_STRICT_PROTOTYPES = YES;
				CLANG_WARN_SUSPICIOUS_MOVE = YES;
				CLANG_WARN_UNGUARDED_AVAILABILITY = YES_AGGRESSIVE;
				CLANG_WARN_UNREACHABLE_CODE = YES;
				CLANG_WARN__DUPLICATE_METHOD_MATCH = YES;
				COPY_PHASE_STRIP = NO;
				DEBUG_INFORMATION_FORMAT = "dwarf-with-dsym";
				ENABLE_NS_ASSERTIONS = NO;
				ENABLE_STRICT_OBJC_MSGSEND = YES;
				GCC_C_LANGUAGE_STANDARD = gnu11;
				GCC_NO_COMMON_BLOCKS = YES;
				GCC_WARN_64_TO_32_BIT_CONVERSION = YES;
				GCC_WARN_ABOUT_RETURN_TYPE = YES_ERROR;
				GCC_WARN_UNDECLARED_SELECTOR = YES;
				GCC_WARN_UNINITIALIZED_AUTOS = YES_AGGRESSIVE;
				GCC_WARN_UNUSED_FUNCTION = YES;
				GCC_WARN_UNUSED_VARIABLE = YES;
				IPHONEOS_DEPLOYMENT_TARGET = 13.2;
				MTL_ENABLE_DEBUG_INFO = NO;
				MTL_FAST_MATH = YES;
				SDKROOT = iphoneos;
				SWIFT_COMPILATION_MODE = wholemodule;
				SWIFT_OPTIMIZATION_LEVEL = "-O";
				VALIDATE_PRODUCT = YES;
			};
			name = Release;
		};
		56465AFE246F304A00B0E85C /* Debug */ = {
			isa = XCBuildConfiguration;
			baseConfigurationReference = 37CBCE4C6FD6CC6A20071E43 /* Pods-Desafio Itau.debug.xcconfig */;
			buildSettings = {
				ASSETCATALOG_COMPILER_APPICON_NAME = AppIcon;
				CODE_SIGN_STYLE = Automatic;
				DEVELOPMENT_TEAM = 2YL4BQQ4BM;
				INFOPLIST_FILE = "Desafio Itau/Info.plist";
				LD_RUNPATH_SEARCH_PATHS = (
					"$(inherited)",
					"@executable_path/Frameworks",
				);
				PRODUCT_BUNDLE_IDENTIFIER = "dev.luizcunha.Desafio-Itau";
				PRODUCT_NAME = "$(TARGET_NAME)";
				SWIFT_VERSION = 5.0;
				TARGETED_DEVICE_FAMILY = "1,2";
			};
			name = Debug;
		};
		56465AFF246F304A00B0E85C /* Release */ = {
			isa = XCBuildConfiguration;
			baseConfigurationReference = 11FDE2F0F210C57153CB9644 /* Pods-Desafio Itau.release.xcconfig */;
			buildSettings = {
				ASSETCATALOG_COMPILER_APPICON_NAME = AppIcon;
				CODE_SIGN_STYLE = Automatic;
				DEVELOPMENT_TEAM = 2YL4BQQ4BM;
				INFOPLIST_FILE = "Desafio Itau/Info.plist";
				LD_RUNPATH_SEARCH_PATHS = (
					"$(inherited)",
					"@executable_path/Frameworks",
				);
				PRODUCT_BUNDLE_IDENTIFIER = "dev.luizcunha.Desafio-Itau";
				PRODUCT_NAME = "$(TARGET_NAME)";
				SWIFT_VERSION = 5.0;
				TARGETED_DEVICE_FAMILY = "1,2";
			};
			name = Release;
		};
/* End XCBuildConfiguration section */

/* Begin XCConfigurationList section */
		56465AE4246F304800B0E85C /* Build configuration list for PBXProject "Desafio Itau" */ = {
			isa = XCConfigurationList;
			buildConfigurations = (
				56465AFB246F304A00B0E85C /* Debug */,
				56465AFC246F304A00B0E85C /* Release */,
			);
			defaultConfigurationIsVisible = 0;
			defaultConfigurationName = Release;
		};
		56465AFD246F304A00B0E85C /* Build configuration list for PBXNativeTarget "Desafio Itau" */ = {
			isa = XCConfigurationList;
			buildConfigurations = (
				56465AFE246F304A00B0E85C /* Debug */,
				56465AFF246F304A00B0E85C /* Release */,
			);
			defaultConfigurationIsVisible = 0;
			defaultConfigurationName = Release;
		};
/* End XCConfigurationList section */
	};
	rootObject = 56465AE1246F304800B0E85C /* Project object */;
}
